
Microsoft Visual Studio Solution File, Format Version 12.00
# Visual Studio Version 17
VisualStudioVersion = 17.3.32819.101
MinimumVisualStudioVersion = 10.0.40219.1
Project("{FAE04EC0-301F-11D3-BF4B-00C04F79EFBC}") = "Laboratorio 2, 1250521, sept 26", "Laboratorio 2, 1250521, sept 26.csproj", "{13E6E732-196D-4944-8F66-AA27894F88DA}"
EndProject
Global
	GlobalSection(SolutionConfigurationPlatforms) = preSolution
		Debug|Any CPU = Debug|Any CPU
		Release|Any CPU = Release|Any CPU
	EndGlobalSection
	GlobalSection(ProjectConfigurationPlatforms) = postSolution
		{13E6E732-196D-4944-8F66-AA27894F88DA}.Debug|Any CPU.ActiveCfg = Debug|Any CPU
		{13E6E732-196D-4944-8F66-AA27894F88DA}.Debug|Any CPU.Build.0 = Debug|Any CPU
		{13E6E732-196D-4944-8F66-AA27894F88DA}.Release|Any CPU.ActiveCfg = Release|Any CPU
		{13E6E732-196D-4944-8F66-AA27894F88DA}.Release|Any CPU.Build.0 = Release|Any CPU
	EndGlobalSection
	GlobalSection(SolutionProperties) = preSolution
		HideSolutionNode = FALSE
	EndGlobalSection
	GlobalSection(ExtensibilityGlobals) = postSolution
		SolutionGuid = {3E8B98F3-0328-4606-8B17-2E7E8E661289}
	EndGlobalSection
EndGlobal
